
Microsoft Visual Studio Solution File, Format Version 12.00
# Visual Studio 2012
Project("{E24C65DC-7377-472B-9ABA-BC803B73C61A}") = "报名系统", "报名系统\", "{DCAD76F1-AC10-42B2-B0D3-567FE79CB854}"
	ProjectSection(WebsiteProperties) = preProject
		TargetFrameworkMoniker = ".NETFramework,Version%3Dv3.5"
		Debug.AspNetCompiler.VirtualPath = "/报名系统"
		Debug.AspNetCompiler.PhysicalPath = "..\..\..\..\Desktop\报名系统\报名系统\"
		Debug.AspNetCompiler.TargetPath = "PrecompiledWeb\报名系统\"
		Debug.AspNetCompiler.Updateable = "true"
		Debug.AspNetCompiler.ForceOverwrite = "true"
		Debug.AspNetCompiler.FixedNames = "false"
		Debug.AspNetCompiler.Debug = "True"
		Release.AspNetCompiler.VirtualPath = "/报名系统"
		Release.AspNetCompiler.PhysicalPath = "..\..\..\..\Desktop\报名系统\报名系统\"
		Release.AspNetCompiler.TargetPath = "PrecompiledWeb\报名系统\"
		Release.AspNetCompiler.Updateable = "true"
		Release.AspNetCompiler.ForceOverwrite = "true"
		Release.AspNetCompiler.FixedNames = "false"
		Release.AspNetCompiler.Debug = "False"
		VWDPort = "45786"
	EndProjectSection
EndProject
Global
	GlobalSection(SolutionConfigurationPlatforms) = preSolution
		Debug|Any CPU = Debug|Any CPU
	EndGlobalSection
	GlobalSection(ProjectConfigurationPlatforms) = postSolution
		{DCAD76F1-AC10-42B2-B0D3-567FE79CB854}.Debug|Any CPU.ActiveCfg = Debug|Any CPU
		{DCAD76F1-AC10-42B2-B0D3-567FE79CB854}.Debug|Any CPU.Build.0 = Debug|Any CPU
	EndGlobalSection
	GlobalSection(SolutionProperties) = preSolution
		HideSolutionNode = FALSE
	EndGlobalSection
EndGlobal
