
Microsoft Visual Studio Solution File, Format Version 11.00
# Visual Studio 2010
Project("{FAE04EC0-301F-11D3-BF4B-00C04F79EFBC}") = "frmtqDome", "frmtqDome\frmtqDome.csproj", "{671725C0-AB67-4BE0-A7AB-C989401EA929}"
EndProject
Global
	GlobalSection(SolutionConfigurationPlatforms) = preSolution
		Debug|x86 = Debug|x86
		Release|x86 = Release|x86
	EndGlobalSection
	GlobalSection(ProjectConfigurationPlatforms) = postSolution
		{671725C0-AB67-4BE0-A7AB-C989401EA929}.Debug|x86.ActiveCfg = Debug|x86
		{671725C0-AB67-4BE0-A7AB-C989401EA929}.Debug|x86.Build.0 = Debug|x86
		{671725C0-AB67-4BE0-A7AB-C989401EA929}.Release|x86.ActiveCfg = Release|x86
		{671725C0-AB67-4BE0-A7AB-C989401EA929}.Release|x86.Build.0 = Release|x86
	EndGlobalSection
	GlobalSection(SolutionProperties) = preSolution
		HideSolutionNode = FALSE
	EndGlobalSection
EndGlobal
