
Microsoft Visual Studio Solution File, Format Version 12.00
# Visual Studio 2012
Project("{FAE04EC0-301F-11D3-BF4B-00C04F79EFBC}") = "禁止程序运行工具", "禁止程序运行工具\禁止程序运行工具.csproj", "{364166DE-768A-451A-94E5-3A745904EC08}"
EndProject
Global
	GlobalSection(SolutionConfigurationPlatforms) = preSolution
		Debug|Any CPU = Debug|Any CPU
		Release|Any CPU = Release|Any CPU
	EndGlobalSection
	GlobalSection(ProjectConfigurationPlatforms) = postSolution
		{364166DE-768A-451A-94E5-3A745904EC08}.Debug|Any CPU.ActiveCfg = Debug|Any CPU
		{364166DE-768A-451A-94E5-3A745904EC08}.Debug|Any CPU.Build.0 = Debug|Any CPU
		{364166DE-768A-451A-94E5-3A745904EC08}.Release|Any CPU.ActiveCfg = Release|Any CPU
		{364166DE-768A-451A-94E5-3A745904EC08}.Release|Any CPU.Build.0 = Release|Any CPU
	EndGlobalSection
	GlobalSection(SolutionProperties) = preSolution
		HideSolutionNode = FALSE
	EndGlobalSection
EndGlobal
