
Microsoft Visual Studio Solution File, Format Version 12.00
# Visual Studio 2012
Project("{FAE04EC0-301F-11D3-BF4B-00C04F79EFBC}") = "MD5效验与加密", "MD5效验与加密\MD5效验与加密.csproj", "{19565B12-9696-48D6-B819-BD15884284AB}"
EndProject
Global
	GlobalSection(SolutionConfigurationPlatforms) = preSolution
		Debug|Any CPU = Debug|Any CPU
		Release|Any CPU = Release|Any CPU
	EndGlobalSection
	GlobalSection(ProjectConfigurationPlatforms) = postSolution
		{19565B12-9696-48D6-B819-BD15884284AB}.Debug|Any CPU.ActiveCfg = Debug|Any CPU
		{19565B12-9696-48D6-B819-BD15884284AB}.Debug|Any CPU.Build.0 = Debug|Any CPU
		{19565B12-9696-48D6-B819-BD15884284AB}.Release|Any CPU.ActiveCfg = Release|Any CPU
		{19565B12-9696-48D6-B819-BD15884284AB}.Release|Any CPU.Build.0 = Release|Any CPU
	EndGlobalSection
	GlobalSection(SolutionProperties) = preSolution
		HideSolutionNode = FALSE
	EndGlobalSection
EndGlobal
