
Microsoft Visual Studio Solution File, Format Version 12.00
# Visual Studio 2012
Project("{FAE04EC0-301F-11D3-BF4B-00C04F79EFBC}") = "贝斯特产量数据管理系统", "贝斯特产量数据管理系统\贝斯特产量数据管理系统.csproj", "{56D58E87-A2BD-4615-B637-50C9F3E1FA52}"
EndProject
Project("{FAE04EC0-301F-11D3-BF4B-00C04F79EFBC}") = "BLL", "BLL\BLL.csproj", "{649FCBA8-C0A6-4F39-8587-ACFD984D26D8}"
EndProject
Project("{FAE04EC0-301F-11D3-BF4B-00C04F79EFBC}") = "DAL", "DAL\DAL.csproj", "{27DC10C2-3A32-47F8-BF4E-6501ACBEF806}"
EndProject
Global
	GlobalSection(SolutionConfigurationPlatforms) = preSolution
		Debug|Any CPU = Debug|Any CPU
		Release|Any CPU = Release|Any CPU
	EndGlobalSection
	GlobalSection(ProjectConfigurationPlatforms) = postSolution
		{56D58E87-A2BD-4615-B637-50C9F3E1FA52}.Debug|Any CPU.ActiveCfg = Debug|Any CPU
		{56D58E87-A2BD-4615-B637-50C9F3E1FA52}.Debug|Any CPU.Build.0 = Debug|Any CPU
		{56D58E87-A2BD-4615-B637-50C9F3E1FA52}.Release|Any CPU.ActiveCfg = Release|Any CPU
		{56D58E87-A2BD-4615-B637-50C9F3E1FA52}.Release|Any CPU.Build.0 = Release|Any CPU
		{649FCBA8-C0A6-4F39-8587-ACFD984D26D8}.Debug|Any CPU.ActiveCfg = Debug|Any CPU
		{649FCBA8-C0A6-4F39-8587-ACFD984D26D8}.Debug|Any CPU.Build.0 = Debug|Any CPU
		{649FCBA8-C0A6-4F39-8587-ACFD984D26D8}.Release|Any CPU.ActiveCfg = Release|Any CPU
		{649FCBA8-C0A6-4F39-8587-ACFD984D26D8}.Release|Any CPU.Build.0 = Release|Any CPU
		{27DC10C2-3A32-47F8-BF4E-6501ACBEF806}.Debug|Any CPU.ActiveCfg = Debug|Any CPU
		{27DC10C2-3A32-47F8-BF4E-6501ACBEF806}.Debug|Any CPU.Build.0 = Debug|Any CPU
		{27DC10C2-3A32-47F8-BF4E-6501ACBEF806}.Release|Any CPU.ActiveCfg = Release|Any CPU
		{27DC10C2-3A32-47F8-BF4E-6501ACBEF806}.Release|Any CPU.Build.0 = Release|Any CPU
	EndGlobalSection
	GlobalSection(SolutionProperties) = preSolution
		HideSolutionNode = FALSE
	EndGlobalSection
EndGlobal
